
Microsoft Visual Studio Solution File, Format Version 12.00
# Visual Studio Version 16
VisualStudioVersion = 16.0.31911.196
MinimumVisualStudioVersion = 10.0.40219.1
Project("{FAE04EC0-301F-11D3-BF4B-00C04F79EFBC}") = "SimplePaint", "SimplePaint.csproj", "{76B7FCBD-45D5-4476-A7BA-2911CCF9CB43}"
EndProject
Global
	GlobalSection(SolutionConfigurationPlatforms) = preSolution
		Debug|Any CPU = Debug|Any CPU
		Release|Any CPU = Release|Any CPU
	EndGlobalSection
	GlobalSection(ProjectConfigurationPlatforms) = postSolution
		{76B7FCBD-45D5-4476-A7BA-2911CCF9CB43}.Debug|Any CPU.ActiveCfg = Debug|Any CPU
		{76B7FCBD-45D5-4476-A7BA-2911CCF9CB43}.Debug|Any CPU.Build.0 = Debug|Any CPU
		{76B7FCBD-45D5-4476-A7BA-2911CCF9CB43}.Release|Any CPU.ActiveCfg = Release|Any CPU
		{76B7FCBD-45D5-4476-A7BA-2911CCF9CB43}.Release|Any CPU.Build.0 = Release|Any CPU
	EndGlobalSection
	GlobalSection(SolutionProperties) = preSolution
		HideSolutionNode = FALSE
	EndGlobalSection
	GlobalSection(ExtensibilityGlobals) = postSolution
		SolutionGuid = {49A6FE0B-79AE-43EB-8099-431368A17AD8}
	EndGlobalSection
EndGlobal
