
Microsoft Visual Studio Solution File, Format Version 12.00
# Visual Studio Version 16
VisualStudioVersion = 16.0.32802.440
MinimumVisualStudioVersion = 10.0.40219.1
Project("{FAE04EC0-301F-11D3-BF4B-00C04F79EFBC}") = "LL_CS_Loesung23", "LL_CS_Loesung23.csproj", "{5B47ECCB-855A-4606-AEC0-858EB47A49D9}"
EndProject
Global
	GlobalSection(SolutionConfigurationPlatforms) = preSolution
		Debug|Any CPU = Debug|Any CPU
		Release|Any CPU = Release|Any CPU
	EndGlobalSection
	GlobalSection(ProjectConfigurationPlatforms) = postSolution
		{5B47ECCB-855A-4606-AEC0-858EB47A49D9}.Debug|Any CPU.ActiveCfg = Debug|Any CPU
		{5B47ECCB-855A-4606-AEC0-858EB47A49D9}.Debug|Any CPU.Build.0 = Debug|Any CPU
		{5B47ECCB-855A-4606-AEC0-858EB47A49D9}.Release|Any CPU.ActiveCfg = Release|Any CPU
		{5B47ECCB-855A-4606-AEC0-858EB47A49D9}.Release|Any CPU.Build.0 = Release|Any CPU
	EndGlobalSection
	GlobalSection(SolutionProperties) = preSolution
		HideSolutionNode = FALSE
	EndGlobalSection
	GlobalSection(ExtensibilityGlobals) = postSolution
		SolutionGuid = {11B3FD78-938C-4143-A6A7-DE440B565C8B}
	EndGlobalSection
EndGlobal
