
Microsoft Visual Studio Solution File, Format Version 12.00
# Visual Studio Version 16
VisualStudioVersion = 16.0.31729.503
MinimumVisualStudioVersion = 10.0.40219.1
Project("{FAE04EC0-301F-11D3-BF4B-00C04F79EFBC}") = "Shape", "Shape.csproj", "{97B4FB9A-B024-4614-A636-C2CF39B0688D}"
EndProject
Global
	GlobalSection(SolutionConfigurationPlatforms) = preSolution
		Debug|Any CPU = Debug|Any CPU
		Release|Any CPU = Release|Any CPU
	EndGlobalSection
	GlobalSection(ProjectConfigurationPlatforms) = postSolution
		{97B4FB9A-B024-4614-A636-C2CF39B0688D}.Debug|Any CPU.ActiveCfg = Debug|Any CPU
		{97B4FB9A-B024-4614-A636-C2CF39B0688D}.Debug|Any CPU.Build.0 = Debug|Any CPU
		{97B4FB9A-B024-4614-A636-C2CF39B0688D}.Release|Any CPU.ActiveCfg = Release|Any CPU
		{97B4FB9A-B024-4614-A636-C2CF39B0688D}.Release|Any CPU.Build.0 = Release|Any CPU
	EndGlobalSection
	GlobalSection(SolutionProperties) = preSolution
		HideSolutionNode = FALSE
	EndGlobalSection
	GlobalSection(ExtensibilityGlobals) = postSolution
		SolutionGuid = {C82CFF71-C518-485A-985A-F9B36D6795B1}
	EndGlobalSection
EndGlobal
